
Microsoft Visual Studio Solution File, Format Version 12.00
# Visual Studio Version 17
VisualStudioVersion = 17.5.2.0
MinimumVisualStudioVersion = 10.0.40219.1
Project("{FAE04EC0-301F-11D3-BF4B-00C04F79EFBC}") = "InsightDocs", "InsightDocs\InsightDocs.csproj", "{6E898E65-BDB2-3132-AED8-377DBF95644B}"
	ProjectSection(ProjectDependencies) = postProject
		{146B7E8B-B466-27CF-8736-567B8B911ED2} = {146B7E8B-B466-27CF-8736-567B8B911ED2}
	EndProjectSection
EndProject
Project("{FAE04EC0-301F-11D3-BF4B-00C04F79EFBC}") = "InsightDocs.Templates.MicrosoftLearn", "InsightDocs.Templates.MicrosoftLearn\InsightDocs.Templates.MicrosoftLearn.csproj", "{B28E4ED0-3F6F-4CF2-B4CD-AB2DEE9B37B8}"
EndProject
Project("{FAE04EC0-301F-11D3-BF4B-00C04F79EFBC}") = "InsightDocs.Sqlite", "InsightDocs.Sqlite\InsightDocs.Sqlite.csproj", "{A77AD310-8B47-4F4C-B783-2B33C6DC334B}"
EndProject
Project("{2150E333-8FDC-42A3-9474-1A3956D46DE8}") = "Solution Items", "Solution Items", "{8EC462FD-D22E-90A8-E5CE-7E832BA40C5D}"
	ProjectSection(SolutionItems) = preProject
		.editorconfig = .editorconfig
		Directory.Build.props = Directory.Build.props
	EndProjectSection
EndProject
Project("{2150E333-8FDC-42A3-9474-1A3956D46DE8}") = "CI Build", "CI Build", "{02EA681E-C7D8-13C7-8484-4AC65E1B71E8}"
	ProjectSection(SolutionItems) = preProject
		.github\workflows\ci.yml = .github\workflows\ci.yml
	EndProjectSection
EndProject
Project("{54A90642-561A-4BB1-A94E-469ADEE60C69}") = "get-typescript-api-json", "get-typescript-api-json\get-typescript-api-json.esproj", "{146B7E8B-B466-27CF-8736-567B8B911ED2}"
EndProject
Global
	GlobalSection(SolutionConfigurationPlatforms) = preSolution
		Debug|Any CPU = Debug|Any CPU
		Release|Any CPU = Release|Any CPU
	EndGlobalSection
	GlobalSection(ProjectConfigurationPlatforms) = postSolution
		{6E898E65-BDB2-3132-AED8-377DBF95644B}.Debug|Any CPU.ActiveCfg = Debug|Any CPU
		{6E898E65-BDB2-3132-AED8-377DBF95644B}.Debug|Any CPU.Build.0 = Debug|Any CPU
		{6E898E65-BDB2-3132-AED8-377DBF95644B}.Release|Any CPU.ActiveCfg = Release|Any CPU
		{6E898E65-BDB2-3132-AED8-377DBF95644B}.Release|Any CPU.Build.0 = Release|Any CPU
		{B28E4ED0-3F6F-4CF2-B4CD-AB2DEE9B37B8}.Debug|Any CPU.ActiveCfg = Debug|Any CPU
		{B28E4ED0-3F6F-4CF2-B4CD-AB2DEE9B37B8}.Debug|Any CPU.Build.0 = Debug|Any CPU
		{B28E4ED0-3F6F-4CF2-B4CD-AB2DEE9B37B8}.Release|Any CPU.ActiveCfg = Release|Any CPU
		{B28E4ED0-3F6F-4CF2-B4CD-AB2DEE9B37B8}.Release|Any CPU.Build.0 = Release|Any CPU
		{A77AD310-8B47-4F4C-B783-2B33C6DC334B}.Debug|Any CPU.ActiveCfg = Debug|Any CPU
		{A77AD310-8B47-4F4C-B783-2B33C6DC334B}.Debug|Any CPU.Build.0 = Debug|Any CPU
		{A77AD310-8B47-4F4C-B783-2B33C6DC334B}.Release|Any CPU.ActiveCfg = Release|Any CPU
		{A77AD310-8B47-4F4C-B783-2B33C6DC334B}.Release|Any CPU.Build.0 = Release|Any CPU
		{146B7E8B-B466-27CF-8736-567B8B911ED2}.Debug|Any CPU.ActiveCfg = Debug|Any CPU
		{146B7E8B-B466-27CF-8736-567B8B911ED2}.Debug|Any CPU.Build.0 = Debug|Any CPU
		{146B7E8B-B466-27CF-8736-567B8B911ED2}.Debug|Any CPU.Deploy.0 = Debug|Any CPU
		{146B7E8B-B466-27CF-8736-567B8B911ED2}.Release|Any CPU.ActiveCfg = Release|Any CPU
		{146B7E8B-B466-27CF-8736-567B8B911ED2}.Release|Any CPU.Build.0 = Release|Any CPU
		{146B7E8B-B466-27CF-8736-567B8B911ED2}.Release|Any CPU.Deploy.0 = Release|Any CPU
	EndGlobalSection
	GlobalSection(SolutionProperties) = preSolution
		HideSolutionNode = FALSE
	EndGlobalSection
	GlobalSection(NestedProjects) = preSolution
		{02EA681E-C7D8-13C7-8484-4AC65E1B71E8} = {8EC462FD-D22E-90A8-E5CE-7E832BA40C5D}
	EndGlobalSection
	GlobalSection(ExtensibilityGlobals) = postSolution
		SolutionGuid = {A88EADA3-9028-4F3A-A1DA-910D140F8BB0}
	EndGlobalSection
EndGlobal
